// !$*UTF8*$!
{
	archiveVersion = 1;
	classes = {
	};
	objectVersion = 77;
	objects = {

/* Begin PBXBuildFile section */
		01293D004C7111FD29133657 /* SettingsStore.swift in Sources */ = {isa = PBXBuildFile; fileRef = 93055C13CEF3A25B1402419B /* SettingsStore.swift */; };
		04624A35599C4780DDBDA03B /* QueryEditorView.swift in Sources */ = {isa = PBXBuildFile; fileRef = 8082EBF41EBFD7DEF43ECBE2 /* QueryEditorView.swift */; };
		079BF0C8EF786D995FFC56C3 /* SavedQueriesViewModel.swift in Sources */ = {isa = PBXBuildFile; fileRef = 10458C4567040FC19B8C6871 /* SavedQueriesViewModel.swift */; };
		07A9AC78569E2DBE91ADCAE7 /* ResultsGridExportMenu.swift in Sources */ = {isa = PBXBuildFile; fileRef = 2E091724BADFF32EA2191747 /* ResultsGridExportMenu.swift */; };
		147B795560F459FB749F45C4 /* DatabaseTreeView.swift in Sources */ = {isa = PBXBuildFile; fileRef = B15180F2B533636F40BACAC3 /* DatabaseTreeView.swift */; };
		17D089B92DBB16E1CAFE5215 /* SavedFolder.swift in Sources */ = {isa = PBXBuildFile; fileRef = 803B6DFB28271CF8990EA8C3 /* SavedFolder.swift */; };
		18399C5C842009739F18A6E3 /* SidebarViewModel.swift in Sources */ = {isa = PBXBuildFile; fileRef = 61A227E287BD2B816ED8C926 /* SidebarViewModel.swift */; };
		1EE8197B28754A76A9E91D11 /* ExplainSheet.swift in Sources */ = {isa = PBXBuildFile; fileRef = DD7136749E7AB5F81895323E /* ExplainSheet.swift */; };
		20001A09C1A4DEFA7344F1EB /* MySQLDriver in Frameworks */ = {isa = PBXBuildFile; productRef = 4904FE4D6986583CB52C78B0 /* MySQLDriver */; };
		200780CDFA191C5D506B4B18 /* ExplainGate.swift in Sources */ = {isa = PBXBuildFile; fileRef = 803811D946F04F5F335F187B /* ExplainGate.swift */; };
		20FF5BA5508E5764D1DF28F3 /* TableExportSheet.swift in Sources */ = {isa = PBXBuildFile; fileRef = 3FD985FDBCC3DC82DF510744 /* TableExportSheet.swift */; };
		2EBE02045490D8FA81074615 /* DriverProviding.swift in Sources */ = {isa = PBXBuildFile; fileRef = AA2B5972F708C1F9D17F7227 /* DriverProviding.swift */; };
		3337D8C42A9838EB4C61A604 /* ShortcutsHelpView.swift in Sources */ = {isa = PBXBuildFile; fileRef = B497497B15C66E889D1501B1 /* ShortcutsHelpView.swift */; };
		3CA5FD5DE81E46BE7028E41B /* RowEditingTests.swift in Sources */ = {isa = PBXBuildFile; fileRef = BC625AA564BFD26678F107E6 /* RowEditingTests.swift */; };
		41FC622006AEA90194C55E1C /* WorkspaceTests.swift in Sources */ = {isa = PBXBuildFile; fileRef = CE71D397047A3A3EEDFFB7EE /* WorkspaceTests.swift */; };
		42D407F0740772125865F400 /* RootView.swift in Sources */ = {isa = PBXBuildFile; fileRef = E6BB27DCF81CA87EFEFF5ECE /* RootView.swift */; };
		4497875E285977D7EB6BD0AE /* ToastView.swift in Sources */ = {isa = PBXBuildFile; fileRef = 0B237E7A2F78493E1C48D0B2 /* ToastView.swift */; };
		463DA31D85AE756A61DB19F7 /* HistoryRecorder.swift in Sources */ = {isa = PBXBuildFile; fileRef = 9EFE0E9AB19E8F6262692BA2 /* HistoryRecorder.swift */; };
		47A8D8A6B59223807C71CCFB /* RowOperationsService.swift in Sources */ = {isa = PBXBuildFile; fileRef = 73D87B6FC716BB137353C74B /* RowOperationsService.swift */; };
		4DDD8F20FACA21FE5D2FDE9E /* PostgresDriver in Frameworks */ = {isa = PBXBuildFile; productRef = 54816D600B3AECA69AA056D9 /* PostgresDriver */; };
		5227B27B158CC67F5F35F1E2 /* ResultsGridView.swift in Sources */ = {isa = PBXBuildFile; fileRef = 0A5E1DF088DC216929CC9832 /* ResultsGridView.swift */; };
		58B83E7101F5CC70DE4619D9 /* WorkspaceViewModel.swift in Sources */ = {isa = PBXBuildFile; fileRef = 81AC4A6E786C62D3CD82CC27 /* WorkspaceViewModel.swift */; };
		5CC225895A1AA0BCBEF49C5A /* NativQLKit in Frameworks */ = {isa = PBXBuildFile; productRef = F6338A038D70441EDADB3A16 /* NativQLKit */; };
		6D75D1284D30EF4C46207F98 /* ResultsFooterView.swift in Sources */ = {isa = PBXBuildFile; fileRef = 3FE50A7B1CB55F5AD78BED4C /* ResultsFooterView.swift */; };
		7158523EC37CFBBDB1454AA1 /* BrowseEditorViewModel.swift in Sources */ = {isa = PBXBuildFile; fileRef = 3F090007D745751FB35524D9 /* BrowseEditorViewModel.swift */; };
		71B9FAE846D409A1CC474E52 /* QueryTab.swift in Sources */ = {isa = PBXBuildFile; fileRef = 00963A3C53CDDE4C96784B66 /* QueryTab.swift */; };
		865E620E2152D3ABD4FFC4C0 /* ConnectionFormView.swift in Sources */ = {isa = PBXBuildFile; fileRef = 0E759089C41F7910F464495F /* ConnectionFormView.swift */; };
		88F01F7E8921289F815469BD /* QueryHistoryEntry.swift in Sources */ = {isa = PBXBuildFile; fileRef = 63D128507A06E042C924E156 /* QueryHistoryEntry.swift */; };
		890408BF8D777497CEBBC9AF /* SQLHighlighter.swift in Sources */ = {isa = PBXBuildFile; fileRef = B1A3B751F78C11362C72E490 /* SQLHighlighter.swift */; };
		95BF5ACA2A8ED0244DE56170 /* DatabaseConnectionManager.swift in Sources */ = {isa = PBXBuildFile; fileRef = 0EF2FC3677C42D91FE3DFC8E /* DatabaseConnectionManager.swift */; };
		96AE2A53D7CDDB1E69F1ADD4 /* AppShellTests.swift in Sources */ = {isa = PBXBuildFile; fileRef = AC469FC25BEA4D43EBFDB476 /* AppShellTests.swift */; };
		9EF8B73CCC7FD9AC346C33B4 /* SQLHighlighterTests.swift in Sources */ = {isa = PBXBuildFile; fileRef = D7371ED0A9BB91B08CA5F30C /* SQLHighlighterTests.swift */; };
		A38487443412AC1C82C6097A /* DDLSheet.swift in Sources */ = {isa = PBXBuildFile; fileRef = D0B2D8914850F3BA0FFAE15B /* DDLSheet.swift */; };
		A3FCCD4E3AAFC255781B9993 /* TabBarView.swift in Sources */ = {isa = PBXBuildFile; fileRef = 6587169903FDB6D1545B7DE9 /* TabBarView.swift */; };
		A5520C0434DFA148CB16A158 /* SettingsView.swift in Sources */ = {isa = PBXBuildFile; fileRef = 16C917E42A55F811256145D2 /* SettingsView.swift */; };
		A5C8976EE10E62060C6B9384 /* HistoryViewModel.swift in Sources */ = {isa = PBXBuildFile; fileRef = 8E90061B6C4EC5A65CDE85B7 /* HistoryViewModel.swift */; };
		A62C67ADBF2FC2B8304A24E7 /* ExplainViewModel.swift in Sources */ = {isa = PBXBuildFile; fileRef = B0C6FEF00DB8D0FAAE1B0CCD /* ExplainViewModel.swift */; };
		A86E6433A93C8639BD61FD53 /* WorkspaceView.swift in Sources */ = {isa = PBXBuildFile; fileRef = DA30D9EFB3FA551ECBDC379C /* WorkspaceView.swift */; };
		AD69CA87C54F9B5717F09688 /* HistoryPanel.swift in Sources */ = {isa = PBXBuildFile; fileRef = F605960B62836A6A08A099C1 /* HistoryPanel.swift */; };
		AD7AF14BB37E9155F1E6BA92 /* SmokeTests.swift in Sources */ = {isa = PBXBuildFile; fileRef = EE9F97BDAC3A1CE10014A63A /* SmokeTests.swift */; };
		B110BF67FD0DD44D789DCDE1 /* ColorLabelPalette.swift in Sources */ = {isa = PBXBuildFile; fileRef = 04AC0E0A4BD09ADB6BE54599 /* ColorLabelPalette.swift */; };
		B45CDB21D55EF62D5ACE4D23 /* ConnectionStore.swift in Sources */ = {isa = PBXBuildFile; fileRef = 8B564F1C47409C54626ECE76 /* ConnectionStore.swift */; };
		BDB6932E6879D19E604C25B1 /* Loadable.swift in Sources */ = {isa = PBXBuildFile; fileRef = 38D3B7707522F5ADB590FE1C /* Loadable.swift */; };
		BE015D7DE92F8E0E082BC584 /* EditableCellView.swift in Sources */ = {isa = PBXBuildFile; fileRef = A3DBBDC01E19D278FF7647C3 /* EditableCellView.swift */; };
		BF8D572B1FE2BBC289BE7C0D /* NativQLApp.swift in Sources */ = {isa = PBXBuildFile; fileRef = E08BB443FDF7763932642B19 /* NativQLApp.swift */; };
		C268F51CF084768D7CF0FBF6 /* LineNumberRulerView.swift in Sources */ = {isa = PBXBuildFile; fileRef = E9168C0A49CF4DD54F3AF471 /* LineNumberRulerView.swift */; };
		C41E7831BD06D8802D68DECF /* WelcomeView.swift in Sources */ = {isa = PBXBuildFile; fileRef = 43B2A0FC48CC0430083DE5DC /* WelcomeView.swift */; };
		C60B510A30131E1382004052 /* NativQLModelContainer.swift in Sources */ = {isa = PBXBuildFile; fileRef = 5ADC2085D5723F18E111896E /* NativQLModelContainer.swift */; };
		C6799BB32648A17596E010C2 /* PolishTests.swift in Sources */ = {isa = PBXBuildFile; fileRef = C5773F2916900F5CA0D1F2E6 /* PolishTests.swift */; };
		D266A492B0E942A0267475BB /* SavedQueriesPanel.swift in Sources */ = {isa = PBXBuildFile; fileRef = FF98FE2B978AE2FDE523B1A1 /* SavedQueriesPanel.swift */; };
		D78FB7BE01683B4803EB675D /* SavedQuery.swift in Sources */ = {isa = PBXBuildFile; fileRef = 72B8BC9571A908DA3773850F /* SavedQuery.swift */; };
		D804DDE300842A3E4DBCAD04 /* SidebarView.swift in Sources */ = {isa = PBXBuildFile; fileRef = 2176EADC44D442157B2D33B8 /* SidebarView.swift */; };
		DD1A568C9CCDF595ADA60A3E /* VSplitLayout.swift in Sources */ = {isa = PBXBuildFile; fileRef = 7E5CD6481E5ADB7A7370809B /* VSplitLayout.swift */; };
		EE38CF81A5C838512DC9371F /* ExportService.swift in Sources */ = {isa = PBXBuildFile; fileRef = E1244D17E43632021B343978 /* ExportService.swift */; };
		EF0E8681B7E914A43B77DBEC /* StagedEdits.swift in Sources */ = {isa = PBXBuildFile; fileRef = 26E59C81BD0A2E8D2053A227 /* StagedEdits.swift */; };
		F81770509502BE5EE259B201 /* CellContentView.swift in Sources */ = {isa = PBXBuildFile; fileRef = C4B078C52BC8AB2A24740F5D /* CellContentView.swift */; };
		FD8BEF73F7DD813765AE1046 /* AppState.swift in Sources */ = {isa = PBXBuildFile; fileRef = 7250C946F2454C4F75D1FBF0 /* AppState.swift */; };
/* End PBXBuildFile section */

/* Begin PBXContainerItemProxy section */
		6AC30A2FF2E1ACABEAA59C45 /* PBXContainerItemProxy */ = {
			isa = PBXContainerItemProxy;
			containerPortal = 049AC39974AB39D12C308668 /* Project object */;
			proxyType = 1;
			remoteGlobalIDString = ED97C3E13D142E147244E082;
			remoteInfo = NativQL;
		};
/* End PBXContainerItemProxy section */

/* Begin PBXFileReference section */
		00963A3C53CDDE4C96784B66 /* QueryTab.swift */ = {isa = PBXFileReference; lastKnownFileType = sourcecode.swift; path = QueryTab.swift; sourceTree = "<group>"; };
		04AC0E0A4BD09ADB6BE54599 /* ColorLabelPalette.swift */ = {isa = PBXFileReference; lastKnownFileType = sourcecode.swift; path = ColorLabelPalette.swift; sourceTree = "<group>"; };
		0A5E1DF088DC216929CC9832 /* ResultsGridView.swift */ = {isa = PBXFileReference; lastKnownFileType = sourcecode.swift; path = ResultsGridView.swift; sourceTree = "<group>"; };
		0B237E7A2F78493E1C48D0B2 /* ToastView.swift */ = {isa = PBXFileReference; lastKnownFileType = sourcecode.swift; path = ToastView.swift; sourceTree = "<group>"; };
		0E759089C41F7910F464495F /* ConnectionFormView.swift */ = {isa = PBXFileReference; lastKnownFileType = sourcecode.swift; path = ConnectionFormView.swift; sourceTree = "<group>"; };
		0EF2FC3677C42D91FE3DFC8E /* DatabaseConnectionManager.swift */ = {isa = PBXFileReference; lastKnownFileType = sourcecode.swift; path = DatabaseConnectionManager.swift; sourceTree = "<group>"; };
		10458C4567040FC19B8C6871 /* SavedQueriesViewModel.swift */ = {isa = PBXFileReference; lastKnownFileType = sourcecode.swift; path = SavedQueriesViewModel.swift; sourceTree = "<group>"; };
		16C917E42A55F811256145D2 /* SettingsView.swift */ = {isa = PBXFileReference; lastKnownFileType = sourcecode.swift; path = SettingsView.swift; sourceTree = "<group>"; };
		181179E416692E2C616FCDD5 /* NativQLTests.xctest */ = {isa = PBXFileReference; explicitFileType = wrapper.cfbundle; includeInIndex = 0; path = NativQLTests.xctest; sourceTree = BUILT_PRODUCTS_DIR; };
		2176EADC44D442157B2D33B8 /* SidebarView.swift */ = {isa = PBXFileReference; lastKnownFileType = sourcecode.swift; path = SidebarView.swift; sourceTree = "<group>"; };
		264E9286DE39E1043FCC1B38 /* NativQLKit */ = {isa = PBXFileReference; lastKnownFileType = folder; name = NativQLKit; path = Packages/NativQLKit; sourceTree = SOURCE_ROOT; };
		26E59C81BD0A2E8D2053A227 /* StagedEdits.swift */ = {isa = PBXFileReference; lastKnownFileType = sourcecode.swift; path = StagedEdits.swift; sourceTree = "<group>"; };
		28117378309ECF9BC8605BAD /* NativQL.app */ = {isa = PBXFileReference; explicitFileType = wrapper.application; includeInIndex = 0; path = NativQL.app; sourceTree = BUILT_PRODUCTS_DIR; };
		2E091724BADFF32EA2191747 /* ResultsGridExportMenu.swift */ = {isa = PBXFileReference; lastKnownFileType = sourcecode.swift; path = ResultsGridExportMenu.swift; sourceTree = "<group>"; };
		38D3B7707522F5ADB590FE1C /* Loadable.swift */ = {isa = PBXFileReference; lastKnownFileType = sourcecode.swift; path = Loadable.swift; sourceTree = "<group>"; };
		3F090007D745751FB35524D9 /* BrowseEditorViewModel.swift */ = {isa = PBXFileReference; lastKnownFileType = sourcecode.swift; path = BrowseEditorViewModel.swift; sourceTree = "<group>"; };
		3FD985FDBCC3DC82DF510744 /* TableExportSheet.swift */ = {isa = PBXFileReference; lastKnownFileType = sourcecode.swift; path = TableExportSheet.swift; sourceTree = "<group>"; };
		3FE50A7B1CB55F5AD78BED4C /* ResultsFooterView.swift */ = {isa = PBXFileReference; lastKnownFileType = sourcecode.swift; path = ResultsFooterView.swift; sourceTree = "<group>"; };
		43B2A0FC48CC0430083DE5DC /* WelcomeView.swift */ = {isa = PBXFileReference; lastKnownFileType = sourcecode.swift; path = WelcomeView.swift; sourceTree = "<group>"; };
		5ADC2085D5723F18E111896E /* NativQLModelContainer.swift */ = {isa = PBXFileReference; lastKnownFileType = sourcecode.swift; path = NativQLModelContainer.swift; sourceTree = "<group>"; };
		61A227E287BD2B816ED8C926 /* SidebarViewModel.swift */ = {isa = PBXFileReference; lastKnownFileType = sourcecode.swift; path = SidebarViewModel.swift; sourceTree = "<group>"; };
		63D128507A06E042C924E156 /* QueryHistoryEntry.swift */ = {isa = PBXFileReference; lastKnownFileType = sourcecode.swift; path = QueryHistoryEntry.swift; sourceTree = "<group>"; };
		6587169903FDB6D1545B7DE9 /* TabBarView.swift */ = {isa = PBXFileReference; lastKnownFileType = sourcecode.swift; path = TabBarView.swift; sourceTree = "<group>"; };
		6E26847049E070F5C89CFB21 /* MySQLDriver */ = {isa = PBXFileReference; lastKnownFileType = folder; name = MySQLDriver; path = Packages/MySQLDriver; sourceTree = SOURCE_ROOT; };
		7250C946F2454C4F75D1FBF0 /* AppState.swift */ = {isa = PBXFileReference; lastKnownFileType = sourcecode.swift; path = AppState.swift; sourceTree = "<group>"; };
		72B8BC9571A908DA3773850F /* SavedQuery.swift */ = {isa = PBXFileReference; lastKnownFileType = sourcecode.swift; path = SavedQuery.swift; sourceTree = "<group>"; };
		73D87B6FC716BB137353C74B /* RowOperationsService.swift */ = {isa = PBXFileReference; lastKnownFileType = sourcecode.swift; path = RowOperationsService.swift; sourceTree = "<group>"; };
		7E5CD6481E5ADB7A7370809B /* VSplitLayout.swift */ = {isa = PBXFileReference; lastKnownFileType = sourcecode.swift; path = VSplitLayout.swift; sourceTree = "<group>"; };
		803811D946F04F5F335F187B /* ExplainGate.swift */ = {isa = PBXFileReference; lastKnownFileType = sourcecode.swift; path = ExplainGate.swift; sourceTree = "<group>"; };
		803B6DFB28271CF8990EA8C3 /* SavedFolder.swift */ = {isa = PBXFileReference; lastKnownFileType = sourcecode.swift; path = SavedFolder.swift; sourceTree = "<group>"; };
		8082EBF41EBFD7DEF43ECBE2 /* QueryEditorView.swift */ = {isa = PBXFileReference; lastKnownFileType = sourcecode.swift; path = QueryEditorView.swift; sourceTree = "<group>"; };
		81AC4A6E786C62D3CD82CC27 /* WorkspaceViewModel.swift */ = {isa = PBXFileReference; lastKnownFileType = sourcecode.swift; path = WorkspaceViewModel.swift; sourceTree = "<group>"; };
		8B564F1C47409C54626ECE76 /* ConnectionStore.swift */ = {isa = PBXFileReference; lastKnownFileType = sourcecode.swift; path = ConnectionStore.swift; sourceTree = "<group>"; };
		8E90061B6C4EC5A65CDE85B7 /* HistoryViewModel.swift */ = {isa = PBXFileReference; lastKnownFileType = sourcecode.swift; path = HistoryViewModel.swift; sourceTree = "<group>"; };
		93055C13CEF3A25B1402419B /* SettingsStore.swift */ = {isa = PBXFileReference; lastKnownFileType = sourcecode.swift; path = SettingsStore.swift; sourceTree = "<group>"; };
		9EFE0E9AB19E8F6262692BA2 /* HistoryRecorder.swift */ = {isa = PBXFileReference; lastKnownFileType = sourcecode.swift; path = HistoryRecorder.swift; sourceTree = "<group>"; };
		A3DBBDC01E19D278FF7647C3 /* EditableCellView.swift */ = {isa = PBXFileReference; lastKnownFileType = sourcecode.swift; path = EditableCellView.swift; sourceTree = "<group>"; };
		A63B4A3A6F37FCA3D46B4B38 /* PostgresDriver */ = {isa = PBXFileReference; lastKnownFileType = folder; name = PostgresDriver; path = Packages/PostgresDriver; sourceTree = SOURCE_ROOT; };
		AA2B5972F708C1F9D17F7227 /* DriverProviding.swift */ = {isa = PBXFileReference; lastKnownFileType = sourcecode.swift; path = DriverProviding.swift; sourceTree = "<group>"; };
		AC469FC25BEA4D43EBFDB476 /* AppShellTests.swift */ = {isa = PBXFileReference; lastKnownFileType = sourcecode.swift; path = AppShellTests.swift; sourceTree = "<group>"; };
		B0C6FEF00DB8D0FAAE1B0CCD /* ExplainViewModel.swift */ = {isa = PBXFileReference; lastKnownFileType = sourcecode.swift; path = ExplainViewModel.swift; sourceTree = "<group>"; };
		B15180F2B533636F40BACAC3 /* DatabaseTreeView.swift */ = {isa = PBXFileReference; lastKnownFileType = sourcecode.swift; path = DatabaseTreeView.swift; sourceTree = "<group>"; };
		B1A3B751F78C11362C72E490 /* SQLHighlighter.swift */ = {isa = PBXFileReference; lastKnownFileType = sourcecode.swift; path = SQLHighlighter.swift; sourceTree = "<group>"; };
		B497497B15C66E889D1501B1 /* ShortcutsHelpView.swift */ = {isa = PBXFileReference; lastKnownFileType = sourcecode.swift; path = ShortcutsHelpView.swift; sourceTree = "<group>"; };
		BC625AA564BFD26678F107E6 /* RowEditingTests.swift */ = {isa = PBXFileReference; lastKnownFileType = sourcecode.swift; path = RowEditingTests.swift; sourceTree = "<group>"; };
		C4B078C52BC8AB2A24740F5D /* CellContentView.swift */ = {isa = PBXFileReference; lastKnownFileType = sourcecode.swift; path = CellContentView.swift; sourceTree = "<group>"; };
		C5773F2916900F5CA0D1F2E6 /* PolishTests.swift */ = {isa = PBXFileReference; lastKnownFileType = sourcecode.swift; path = PolishTests.swift; sourceTree = "<group>"; };
		CE71D397047A3A3EEDFFB7EE /* WorkspaceTests.swift */ = {isa = PBXFileReference; lastKnownFileType = sourcecode.swift; path = WorkspaceTests.swift; sourceTree = "<group>"; };
		D0B2D8914850F3BA0FFAE15B /* DDLSheet.swift */ = {isa = PBXFileReference; lastKnownFileType = sourcecode.swift; path = DDLSheet.swift; sourceTree = "<group>"; };
		D7371ED0A9BB91B08CA5F30C /* SQLHighlighterTests.swift */ = {isa = PBXFileReference; lastKnownFileType = sourcecode.swift; path = SQLHighlighterTests.swift; sourceTree = "<group>"; };
		DA30D9EFB3FA551ECBDC379C /* WorkspaceView.swift */ = {isa = PBXFileReference; lastKnownFileType = sourcecode.swift; path = WorkspaceView.swift; sourceTree = "<group>"; };
		DD7136749E7AB5F81895323E /* ExplainSheet.swift */ = {isa = PBXFileReference; lastKnownFileType = sourcecode.swift; path = ExplainSheet.swift; sourceTree = "<group>"; };
		E08BB443FDF7763932642B19 /* NativQLApp.swift */ = {isa = PBXFileReference; lastKnownFileType = sourcecode.swift; path = NativQLApp.swift; sourceTree = "<group>"; };
		E1244D17E43632021B343978 /* ExportService.swift */ = {isa = PBXFileReference; lastKnownFileType = sourcecode.swift; path = ExportService.swift; sourceTree = "<group>"; };
		E6BB27DCF81CA87EFEFF5ECE /* RootView.swift */ = {isa = PBXFileReference; lastKnownFileType = sourcecode.swift; path = RootView.swift; sourceTree = "<group>"; };
		E9168C0A49CF4DD54F3AF471 /* LineNumberRulerView.swift */ = {isa = PBXFileReference; lastKnownFileType = sourcecode.swift; path = LineNumberRulerView.swift; sourceTree = "<group>"; };
		EE9F97BDAC3A1CE10014A63A /* SmokeTests.swift */ = {isa = PBXFileReference; lastKnownFileType = sourcecode.swift; path = SmokeTests.swift; sourceTree = "<group>"; };
		F605960B62836A6A08A099C1 /* HistoryPanel.swift */ = {isa = PBXFileReference; lastKnownFileType = sourcecode.swift; path = HistoryPanel.swift; sourceTree = "<group>"; };
		FF98FE2B978AE2FDE523B1A1 /* SavedQueriesPanel.swift */ = {isa = PBXFileReference; lastKnownFileType = sourcecode.swift; path = SavedQueriesPanel.swift; sourceTree = "<group>"; };
/* End PBXFileReference section */

/* Begin PBXFrameworksBuildPhase section */
		C1E03FB9C46A31A11E536AFA /* Frameworks */ = {
			isa = PBXFrameworksBuildPhase;
			buildActionMask = 2147483647;
			files = (
				20001A09C1A4DEFA7344F1EB /* MySQLDriver in Frameworks */,
				5CC225895A1AA0BCBEF49C5A /* NativQLKit in Frameworks */,
				4DDD8F20FACA21FE5D2FDE9E /* PostgresDriver in Frameworks */,
			);
			runOnlyForDeploymentPostprocessing = 0;
		};
/* End PBXFrameworksBuildPhase section */

/* Begin PBXGroup section */
		0AB49F7E453E1E7585F4C9EC /* Persistence */ = {
			isa = PBXGroup;
			children = (
				8B564F1C47409C54626ECE76 /* ConnectionStore.swift */,
				5ADC2085D5723F18E111896E /* NativQLModelContainer.swift */,
				63D128507A06E042C924E156 /* QueryHistoryEntry.swift */,
				803B6DFB28271CF8990EA8C3 /* SavedFolder.swift */,
				72B8BC9571A908DA3773850F /* SavedQuery.swift */,
			);
			path = Persistence;
			sourceTree = "<group>";
		};
		0CB863D3EF32DB749EE99EAE = {
			isa = PBXGroup;
			children = (
				AC02FA201B80CAC69DDBBE86 /* NativQL */,
				D88B503CD5DC183F324C9FF2 /* NativQLTests */,
				548DA68C725BD1E9035BEB66 /* Packages */,
				1EF144206F146AFCB8B99330 /* Products */,
			);
			sourceTree = "<group>";
		};
		1AC09947DC472956D1E188D7 /* Sidebar */ = {
			isa = PBXGroup;
			children = (
				B15180F2B533636F40BACAC3 /* DatabaseTreeView.swift */,
				2176EADC44D442157B2D33B8 /* SidebarView.swift */,
			);
			path = Sidebar;
			sourceTree = "<group>";
		};
		1EF144206F146AFCB8B99330 /* Products */ = {
			isa = PBXGroup;
			children = (
				28117378309ECF9BC8605BAD /* NativQL.app */,
				181179E416692E2C616FCDD5 /* NativQLTests.xctest */,
			);
			name = Products;
			sourceTree = "<group>";
		};
		2E0AAB4403D7512B7A03F87A /* ConnectionForm */ = {
			isa = PBXGroup;
			children = (
				0E759089C41F7910F464495F /* ConnectionFormView.swift */,
			);
			path = ConnectionForm;
			sourceTree = "<group>";
		};
		350F49929C700BDD31958368 /* ViewModels */ = {
			isa = PBXGroup;
			children = (
				3F090007D745751FB35524D9 /* BrowseEditorViewModel.swift */,
				B0C6FEF00DB8D0FAAE1B0CCD /* ExplainViewModel.swift */,
				8E90061B6C4EC5A65CDE85B7 /* HistoryViewModel.swift */,
				10458C4567040FC19B8C6871 /* SavedQueriesViewModel.swift */,
				61A227E287BD2B816ED8C926 /* SidebarViewModel.swift */,
				81AC4A6E786C62D3CD82CC27 /* WorkspaceViewModel.swift */,
			);
			path = ViewModels;
			sourceTree = "<group>";
		};
		420BBDF17F5FEB3180C8F4AB /* Services */ = {
			isa = PBXGroup;
			children = (
				0EF2FC3677C42D91FE3DFC8E /* DatabaseConnectionManager.swift */,
				AA2B5972F708C1F9D17F7227 /* DriverProviding.swift */,
				E1244D17E43632021B343978 /* ExportService.swift */,
				9EFE0E9AB19E8F6262692BA2 /* HistoryRecorder.swift */,
				73D87B6FC716BB137353C74B /* RowOperationsService.swift */,
				93055C13CEF3A25B1402419B /* SettingsStore.swift */,
				B1A3B751F78C11362C72E490 /* SQLHighlighter.swift */,
			);
			path = Services;
			sourceTree = "<group>";
		};
		47D9937116AF2E224E87618F /* Panels */ = {
			isa = PBXGroup;
			children = (
				F605960B62836A6A08A099C1 /* HistoryPanel.swift */,
				FF98FE2B978AE2FDE523B1A1 /* SavedQueriesPanel.swift */,
			);
			path = Panels;
			sourceTree = "<group>";
		};
		506B5B7E93B09BFC8F229E7C /* Sheets */ = {
			isa = PBXGroup;
			children = (
				D0B2D8914850F3BA0FFAE15B /* DDLSheet.swift */,
				DD7136749E7AB5F81895323E /* ExplainSheet.swift */,
				3FD985FDBCC3DC82DF510744 /* TableExportSheet.swift */,
			);
			path = Sheets;
			sourceTree = "<group>";
		};
		548DA68C725BD1E9035BEB66 /* Packages */ = {
			isa = PBXGroup;
			children = (
				6E26847049E070F5C89CFB21 /* MySQLDriver */,
				264E9286DE39E1043FCC1B38 /* NativQLKit */,
				A63B4A3A6F37FCA3D46B4B38 /* PostgresDriver */,
			);
			path = Packages;
			sourceTree = "<group>";
		};
		65883A1CA5E50DADE0947773 /* Results */ = {
			isa = PBXGroup;
			children = (
				C4B078C52BC8AB2A24740F5D /* CellContentView.swift */,
				A3DBBDC01E19D278FF7647C3 /* EditableCellView.swift */,
				3FE50A7B1CB55F5AD78BED4C /* ResultsFooterView.swift */,
				0A5E1DF088DC216929CC9832 /* ResultsGridView.swift */,
			);
			path = Results;
			sourceTree = "<group>";
		};
		7254140E83EFD746D4991BE9 /* Settings */ = {
			isa = PBXGroup;
			children = (
				16C917E42A55F811256145D2 /* SettingsView.swift */,
			);
			path = Settings;
			sourceTree = "<group>";
		};
		74337253C805DF536A8C5361 /* Views */ = {
			isa = PBXGroup;
			children = (
				E6BB27DCF81CA87EFEFF5ECE /* RootView.swift */,
				B497497B15C66E889D1501B1 /* ShortcutsHelpView.swift */,
				0B237E7A2F78493E1C48D0B2 /* ToastView.swift */,
				2E0AAB4403D7512B7A03F87A /* ConnectionForm */,
				47D9937116AF2E224E87618F /* Panels */,
				ECB62A5B59B3018ECEAF470F /* Primitives */,
				7254140E83EFD746D4991BE9 /* Settings */,
				506B5B7E93B09BFC8F229E7C /* Sheets */,
				1AC09947DC472956D1E188D7 /* Sidebar */,
				D095DBEAE247611935E0B655 /* Support */,
				80F59C1A4B3950CD18C500E9 /* Welcome */,
				A7A6EBEB5135F1B3B4E5D2A7 /* Workspace */,
			);
			path = Views;
			sourceTree = "<group>";
		};
		80F59C1A4B3950CD18C500E9 /* Welcome */ = {
			isa = PBXGroup;
			children = (
				43B2A0FC48CC0430083DE5DC /* WelcomeView.swift */,
			);
			path = Welcome;
			sourceTree = "<group>";
		};
		A7A6EBEB5135F1B3B4E5D2A7 /* Workspace */ = {
			isa = PBXGroup;
			children = (
				8082EBF41EBFD7DEF43ECBE2 /* QueryEditorView.swift */,
				2E091724BADFF32EA2191747 /* ResultsGridExportMenu.swift */,
				6587169903FDB6D1545B7DE9 /* TabBarView.swift */,
				7E5CD6481E5ADB7A7370809B /* VSplitLayout.swift */,
				DA30D9EFB3FA551ECBDC379C /* WorkspaceView.swift */,
				65883A1CA5E50DADE0947773 /* Results */,
			);
			path = Workspace;
			sourceTree = "<group>";
		};
		AC02FA201B80CAC69DDBBE86 /* NativQL */ = {
			isa = PBXGroup;
			children = (
				E08BB443FDF7763932642B19 /* NativQLApp.swift */,
				0AB49F7E453E1E7585F4C9EC /* Persistence */,
				420BBDF17F5FEB3180C8F4AB /* Services */,
				FA31921E83CC3872D5A63179 /* State */,
				350F49929C700BDD31958368 /* ViewModels */,
				74337253C805DF536A8C5361 /* Views */,
			);
			path = NativQL;
			sourceTree = "<group>";
		};
		D095DBEAE247611935E0B655 /* Support */ = {
			isa = PBXGroup;
			children = (
				04AC0E0A4BD09ADB6BE54599 /* ColorLabelPalette.swift */,
			);
			path = Support;
			sourceTree = "<group>";
		};
		D88B503CD5DC183F324C9FF2 /* NativQLTests */ = {
			isa = PBXGroup;
			children = (
				AC469FC25BEA4D43EBFDB476 /* AppShellTests.swift */,
				C5773F2916900F5CA0D1F2E6 /* PolishTests.swift */,
				BC625AA564BFD26678F107E6 /* RowEditingTests.swift */,
				EE9F97BDAC3A1CE10014A63A /* SmokeTests.swift */,
				D7371ED0A9BB91B08CA5F30C /* SQLHighlighterTests.swift */,
				CE71D397047A3A3EEDFFB7EE /* WorkspaceTests.swift */,
			);
			path = NativQLTests;
			sourceTree = "<group>";
		};
		ECB62A5B59B3018ECEAF470F /* Primitives */ = {
			isa = PBXGroup;
			children = (
				E9168C0A49CF4DD54F3AF471 /* LineNumberRulerView.swift */,
			);
			path = Primitives;
			sourceTree = "<group>";
		};
		FA31921E83CC3872D5A63179 /* State */ = {
			isa = PBXGroup;
			children = (
				7250C946F2454C4F75D1FBF0 /* AppState.swift */,
				803811D946F04F5F335F187B /* ExplainGate.swift */,
				38D3B7707522F5ADB590FE1C /* Loadable.swift */,
				00963A3C53CDDE4C96784B66 /* QueryTab.swift */,
				26E59C81BD0A2E8D2053A227 /* StagedEdits.swift */,
			);
			path = State;
			sourceTree = "<group>";
		};
/* End PBXGroup section */

/* Begin PBXNativeTarget section */
		77CE919E4D3D00B255BB2E1E /* NativQLTests */ = {
			isa = PBXNativeTarget;
			buildConfigurationList = 6ADD21CCAB682AD1248F58F0 /* Build configuration list for PBXNativeTarget "NativQLTests" */;
			buildPhases = (
				70AF4651448DFF520CD9A3F5 /* Sources */,
			);
			buildRules = (
			);
			dependencies = (
				8E3EE37584A12E0968609196 /* PBXTargetDependency */,
			);
			name = NativQLTests;
			packageProductDependencies = (
			);
			productName = NativQLTests;
			productReference = 181179E416692E2C616FCDD5 /* NativQLTests.xctest */;
			productType = "com.apple.product-type.bundle.unit-test";
		};
		ED97C3E13D142E147244E082 /* NativQL */ = {
			isa = PBXNativeTarget;
			buildConfigurationList = 2B9635ABB9F7804AD6292F7E /* Build configuration list for PBXNativeTarget "NativQL" */;
			buildPhases = (
				B634ABA40F8E360A70555883 /* Sources */,
				C1E03FB9C46A31A11E536AFA /* Frameworks */,
			);
			buildRules = (
			);
			dependencies = (
			);
			name = NativQL;
			packageProductDependencies = (
				4904FE4D6986583CB52C78B0 /* MySQLDriver */,
				F6338A038D70441EDADB3A16 /* NativQLKit */,
				54816D600B3AECA69AA056D9 /* PostgresDriver */,
			);
			productName = NativQL;
			productReference = 28117378309ECF9BC8605BAD /* NativQL.app */;
			productType = "com.apple.product-type.application";
		};
/* End PBXNativeTarget section */

/* Begin PBXProject section */
		049AC39974AB39D12C308668 /* Project object */ = {
			isa = PBXProject;
			attributes = {
				BuildIndependentTargetsInParallel = YES;
				LastUpgradeCheck = 1430;
				TargetAttributes = {
					ED97C3E13D142E147244E082 = {
						ProvisioningStyle = Automatic;
					};
				};
			};
			buildConfigurationList = 8DF5702F2AC894A8108FD30A /* Build configuration list for PBXProject "NativQL" */;
			developmentRegion = en;
			hasScannedForEncodings = 0;
			knownRegions = (
				Base,
				en,
			);
			mainGroup = 0CB863D3EF32DB749EE99EAE;
			minimizedProjectReferenceProxies = 1;
			packageReferences = (
				D12F60CE2439EDB61C92488D /* XCLocalSwiftPackageReference "Packages/MySQLDriver" */,
				5CE1035DB161A9B5EF550938 /* XCLocalSwiftPackageReference "Packages/NativQLKit" */,
				842B3E9C47A6E1A2B15892C6 /* XCLocalSwiftPackageReference "Packages/PostgresDriver" */,
			);
			preferredProjectObjectVersion = 77;
			productRefGroup = 1EF144206F146AFCB8B99330 /* Products */;
			projectDirPath = "";
			projectRoot = "";
			targets = (
				ED97C3E13D142E147244E082 /* NativQL */,
				77CE919E4D3D00B255BB2E1E /* NativQLTests */,
			);
		};
/* End PBXProject section */

/* Begin PBXSourcesBuildPhase section */
		70AF4651448DFF520CD9A3F5 /* Sources */ = {
			isa = PBXSourcesBuildPhase;
			buildActionMask = 2147483647;
			files = (
				96AE2A53D7CDDB1E69F1ADD4 /* AppShellTests.swift in Sources */,
				C6799BB32648A17596E010C2 /* PolishTests.swift in Sources */,
				3CA5FD5DE81E46BE7028E41B /* RowEditingTests.swift in Sources */,
				9EF8B73CCC7FD9AC346C33B4 /* SQLHighlighterTests.swift in Sources */,
				AD7AF14BB37E9155F1E6BA92 /* SmokeTests.swift in Sources */,
				41FC622006AEA90194C55E1C /* WorkspaceTests.swift in Sources */,
			);
			runOnlyForDeploymentPostprocessing = 0;
		};
		B634ABA40F8E360A70555883 /* Sources */ = {
			isa = PBXSourcesBuildPhase;
			buildActionMask = 2147483647;
			files = (
				FD8BEF73F7DD813765AE1046 /* AppState.swift in Sources */,
				7158523EC37CFBBDB1454AA1 /* BrowseEditorViewModel.swift in Sources */,
				F81770509502BE5EE259B201 /* CellContentView.swift in Sources */,
				B110BF67FD0DD44D789DCDE1 /* ColorLabelPalette.swift in Sources */,
				865E620E2152D3ABD4FFC4C0 /* ConnectionFormView.swift in Sources */,
				B45CDB21D55EF62D5ACE4D23 /* ConnectionStore.swift in Sources */,
				A38487443412AC1C82C6097A /* DDLSheet.swift in Sources */,
				95BF5ACA2A8ED0244DE56170 /* DatabaseConnectionManager.swift in Sources */,
				147B795560F459FB749F45C4 /* DatabaseTreeView.swift in Sources */,
				2EBE02045490D8FA81074615 /* DriverProviding.swift in Sources */,
				BE015D7DE92F8E0E082BC584 /* EditableCellView.swift in Sources */,
				200780CDFA191C5D506B4B18 /* ExplainGate.swift in Sources */,
				1EE8197B28754A76A9E91D11 /* ExplainSheet.swift in Sources */,
				A62C67ADBF2FC2B8304A24E7 /* ExplainViewModel.swift in Sources */,
				EE38CF81A5C838512DC9371F /* ExportService.swift in Sources */,
				AD69CA87C54F9B5717F09688 /* HistoryPanel.swift in Sources */,
				463DA31D85AE756A61DB19F7 /* HistoryRecorder.swift in Sources */,
				A5C8976EE10E62060C6B9384 /* HistoryViewModel.swift in Sources */,
				C268F51CF084768D7CF0FBF6 /* LineNumberRulerView.swift in Sources */,
				BDB6932E6879D19E604C25B1 /* Loadable.swift in Sources */,
				BF8D572B1FE2BBC289BE7C0D /* NativQLApp.swift in Sources */,
				C60B510A30131E1382004052 /* NativQLModelContainer.swift in Sources */,
				04624A35599C4780DDBDA03B /* QueryEditorView.swift in Sources */,
				88F01F7E8921289F815469BD /* QueryHistoryEntry.swift in Sources */,
				71B9FAE846D409A1CC474E52 /* QueryTab.swift in Sources */,
				6D75D1284D30EF4C46207F98 /* ResultsFooterView.swift in Sources */,
				07A9AC78569E2DBE91ADCAE7 /* ResultsGridExportMenu.swift in Sources */,
				5227B27B158CC67F5F35F1E2 /* ResultsGridView.swift in Sources */,
				42D407F0740772125865F400 /* RootView.swift in Sources */,
				47A8D8A6B59223807C71CCFB /* RowOperationsService.swift in Sources */,
				890408BF8D777497CEBBC9AF /* SQLHighlighter.swift in Sources */,
				17D089B92DBB16E1CAFE5215 /* SavedFolder.swift in Sources */,
				D266A492B0E942A0267475BB /* SavedQueriesPanel.swift in Sources */,
				079BF0C8EF786D995FFC56C3 /* SavedQueriesViewModel.swift in Sources */,
				D78FB7BE01683B4803EB675D /* SavedQuery.swift in Sources */,
				01293D004C7111FD29133657 /* SettingsStore.swift in Sources */,
				A5520C0434DFA148CB16A158 /* SettingsView.swift in Sources */,
				3337D8C42A9838EB4C61A604 /* ShortcutsHelpView.swift in Sources */,
				D804DDE300842A3E4DBCAD04 /* SidebarView.swift in Sources */,
				18399C5C842009739F18A6E3 /* SidebarViewModel.swift in Sources */,
				EF0E8681B7E914A43B77DBEC /* StagedEdits.swift in Sources */,
				A3FCCD4E3AAFC255781B9993 /* TabBarView.swift in Sources */,
				20FF5BA5508E5764D1DF28F3 /* TableExportSheet.swift in Sources */,
				4497875E285977D7EB6BD0AE /* ToastView.swift in Sources */,
				DD1A568C9CCDF595ADA60A3E /* VSplitLayout.swift in Sources */,
				C41E7831BD06D8802D68DECF /* WelcomeView.swift in Sources */,
				A86E6433A93C8639BD61FD53 /* WorkspaceView.swift in Sources */,
				58B83E7101F5CC70DE4619D9 /* WorkspaceViewModel.swift in Sources */,
			);
			runOnlyForDeploymentPostprocessing = 0;
		};
/* End PBXSourcesBuildPhase section */

/* Begin PBXTargetDependency section */
		8E3EE37584A12E0968609196 /* PBXTargetDependency */ = {
			isa = PBXTargetDependency;
			target = ED97C3E13D142E147244E082 /* NativQL */;
			targetProxy = 6AC30A2FF2E1ACABEAA59C45 /* PBXContainerItemProxy */;
		};
/* End PBXTargetDependency section */

/* Begin XCBuildConfiguration section */
		07D33D4F5649691CD6490EB4 /* Debug */ = {
			isa = XCBuildConfiguration;
			buildSettings = {
				ASSETCATALOG_COMPILER_APPICON_NAME = AppIcon;
				CODE_SIGN_STYLE = Automatic;
				COMBINE_HIDPI_IMAGES = YES;
				ENABLE_HARDENED_RUNTIME = YES;
				GENERATE_INFOPLIST_FILE = YES;
				INFOPLIST_KEY_LSApplicationCategoryType = "public.app-category.developer-tools";
				LD_RUNPATH_SEARCH_PATHS = (
					"$(inherited)",
					"@executable_path/../Frameworks",
				);
				MARKETING_VERSION = 0.1.0;
				PRODUCT_BUNDLE_IDENTIFIER = dev.nativql.app;
				SDKROOT = macosx;
			};
			name = Debug;
		};
		171F838611A76C8AEE2E74C7 /* Release */ = {
			isa = XCBuildConfiguration;
			buildSettings = {
				ALWAYS_SEARCH_USER_PATHS = NO;
				CLANG_ANALYZER_NONNULL = YES;
				CLANG_ANALYZER_NUMBER_OBJECT_CONVERSION = YES_AGGRESSIVE;
				CLANG_CXX_LANGUAGE_STANDARD = "gnu++14";
				CLANG_CXX_LIBRARY = "libc++";
				CLANG_ENABLE_MODULES = YES;
				CLANG_ENABLE_OBJC_ARC = YES;
				CLANG_ENABLE_OBJC_WEAK = YES;
				CLANG_WARN_BLOCK_CAPTURE_AUTORELEASING = YES;
				CLANG_WARN_BOOL_CONVERSION = YES;
				CLANG_WARN_COMMA = YES;
				CLANG_WARN_CONSTANT_CONVERSION = YES;
				CLANG_WARN_DEPRECATED_OBJC_IMPLEMENTATIONS = YES;
				CLANG_WARN_DIRECT_OBJC_ISA_USAGE = YES_ERROR;
				CLANG_WARN_DOCUMENTATION_COMMENTS = YES;
				CLANG_WARN_EMPTY_BODY = YES;
				CLANG_WARN_ENUM_CONVERSION = YES;
				CLANG_WARN_INFINITE_RECURSION = YES;
				CLANG_WARN_INT_CONVERSION = YES;
				CLANG_WARN_NON_LITERAL_NULL_CONVERSION = YES;
				CLANG_WARN_OBJC_IMPLICIT_RETAIN_SELF = YES;
				CLANG_WARN_OBJC_LITERAL_CONVERSION = YES;
				CLANG_WARN_OBJC_ROOT_CLASS = YES_ERROR;
				CLANG_WARN_QUOTED_INCLUDE_IN_FRAMEWORK_HEADER = YES;
				CLANG_WARN_RANGE_LOOP_ANALYSIS = YES;
				CLANG_WARN_STRICT_PROTOTYPES = YES;
				CLANG_WARN_SUSPICIOUS_MOVE = YES;
				CLANG_WARN_UNGUARDED_AVAILABILITY = YES_AGGRESSIVE;
				CLANG_WARN_UNREACHABLE_CODE = YES;
				CLANG_WARN__DUPLICATE_METHOD_MATCH = YES;
				COPY_PHASE_STRIP = NO;
				DEBUG_INFORMATION_FORMAT = "dwarf-with-dsym";
				ENABLE_NS_ASSERTIONS = NO;
				ENABLE_STRICT_OBJC_MSGSEND = YES;
				GCC_C_LANGUAGE_STANDARD = gnu11;
				GCC_NO_COMMON_BLOCKS = YES;
				GCC_WARN_64_TO_32_BIT_CONVERSION = YES;
				GCC_WARN_ABOUT_RETURN_TYPE = YES_ERROR;
				GCC_WARN_UNDECLARED_SELECTOR = YES;
				GCC_WARN_UNINITIALIZED_AUTOS = YES_AGGRESSIVE;
				GCC_WARN_UNUSED_FUNCTION = YES;
				GCC_WARN_UNUSED_VARIABLE = YES;
				MACOSX_DEPLOYMENT_TARGET = 14.0;
				MTL_ENABLE_DEBUG_INFO = NO;
				MTL_FAST_MATH = YES;
				PRODUCT_NAME = "$(TARGET_NAME)";
				SDKROOT = macosx;
				SWIFT_COMPILATION_MODE = wholemodule;
				SWIFT_OPTIMIZATION_LEVEL = "-O";
				SWIFT_VERSION = 5.10;
			};
			name = Release;
		};
		37297A10224217D9FAE663F8 /* Debug */ = {
			isa = XCBuildConfiguration;
			buildSettings = {
				BUNDLE_LOADER = "$(TEST_HOST)";
				COMBINE_HIDPI_IMAGES = YES;
				LD_RUNPATH_SEARCH_PATHS = (
					"$(inherited)",
					"@executable_path/../Frameworks",
					"@loader_path/../Frameworks",
				);
				PRODUCT_BUNDLE_IDENTIFIER = dev.nativql.NativQLTests;
				SDKROOT = macosx;
				TEST_HOST = "$(BUILT_PRODUCTS_DIR)/NativQL.app/Contents/MacOS/NativQL";
			};
			name = Debug;
		};
		6015C3787CC37CE87337E0A1 /* Release */ = {
			isa = XCBuildConfiguration;
			buildSettings = {
				BUNDLE_LOADER = "$(TEST_HOST)";
				COMBINE_HIDPI_IMAGES = YES;
				LD_RUNPATH_SEARCH_PATHS = (
					"$(inherited)",
					"@executable_path/../Frameworks",
					"@loader_path/../Frameworks",
				);
				PRODUCT_BUNDLE_IDENTIFIER = dev.nativql.NativQLTests;
				SDKROOT = macosx;
				TEST_HOST = "$(BUILT_PRODUCTS_DIR)/NativQL.app/Contents/MacOS/NativQL";
			};
			name = Release;
		};
		B96BC6FAA9BAD74793C10F7B /* Debug */ = {
			isa = XCBuildConfiguration;
			buildSettings = {
				ALWAYS_SEARCH_USER_PATHS = NO;
				CLANG_ANALYZER_NONNULL = YES;
				CLANG_ANALYZER_NUMBER_OBJECT_CONVERSION = YES_AGGRESSIVE;
				CLANG_CXX_LANGUAGE_STANDARD = "gnu++14";
				CLANG_CXX_LIBRARY = "libc++";
				CLANG_ENABLE_MODULES = YES;
				CLANG_ENABLE_OBJC_ARC = YES;
				CLANG_ENABLE_OBJC_WEAK = YES;
				CLANG_WARN_BLOCK_CAPTURE_AUTORELEASING = YES;
				CLANG_WARN_BOOL_CONVERSION = YES;
				CLANG_WARN_COMMA = YES;
				CLANG_WARN_CONSTANT_CONVERSION = YES;
				CLANG_WARN_DEPRECATED_OBJC_IMPLEMENTATIONS = YES;
				CLANG_WARN_DIRECT_OBJC_ISA_USAGE = YES_ERROR;
				CLANG_WARN_DOCUMENTATION_COMMENTS = YES;
				CLANG_WARN_EMPTY_BODY = YES;
				CLANG_WARN_ENUM_CONVERSION = YES;
				CLANG_WARN_INFINITE_RECURSION = YES;
				CLANG_WARN_INT_CONVERSION = YES;
				CLANG_WARN_NON_LITERAL_NULL_CONVERSION = YES;
				CLANG_WARN_OBJC_IMPLICIT_RETAIN_SELF = YES;
				CLANG_WARN_OBJC_LITERAL_CONVERSION = YES;
				CLANG_WARN_OBJC_ROOT_CLASS = YES_ERROR;
				CLANG_WARN_QUOTED_INCLUDE_IN_FRAMEWORK_HEADER = YES;
				CLANG_WARN_RANGE_LOOP_ANALYSIS = YES;
				CLANG_WARN_STRICT_PROTOTYPES = YES;
				CLANG_WARN_SUSPICIOUS_MOVE = YES;
				CLANG_WARN_UNGUARDED_AVAILABILITY = YES_AGGRESSIVE;
				CLANG_WARN_UNREACHABLE_CODE = YES;
				CLANG_WARN__DUPLICATE_METHOD_MATCH = YES;
				COPY_PHASE_STRIP = NO;
				DEBUG_INFORMATION_FORMAT = dwarf;
				ENABLE_STRICT_OBJC_MSGSEND = YES;
				ENABLE_TESTABILITY = YES;
				GCC_C_LANGUAGE_STANDARD = gnu11;
				GCC_DYNAMIC_NO_PIC = NO;
				GCC_NO_COMMON_BLOCKS = YES;
				GCC_OPTIMIZATION_LEVEL = 0;
				GCC_PREPROCESSOR_DEFINITIONS = (
					"$(inherited)",
					"DEBUG=1",
				);
				GCC_WARN_64_TO_32_BIT_CONVERSION = YES;
				GCC_WARN_ABOUT_RETURN_TYPE = YES_ERROR;
				GCC_WARN_UNDECLARED_SELECTOR = YES;
				GCC_WARN_UNINITIALIZED_AUTOS = YES_AGGRESSIVE;
				GCC_WARN_UNUSED_FUNCTION = YES;
				GCC_WARN_UNUSED_VARIABLE = YES;
				MACOSX_DEPLOYMENT_TARGET = 14.0;
				MTL_ENABLE_DEBUG_INFO = INCLUDE_SOURCE;
				MTL_FAST_MATH = YES;
				ONLY_ACTIVE_ARCH = YES;
				PRODUCT_NAME = "$(TARGET_NAME)";
				SDKROOT = macosx;
				SWIFT_ACTIVE_COMPILATION_CONDITIONS = DEBUG;
				SWIFT_OPTIMIZATION_LEVEL = "-Onone";
				SWIFT_VERSION = 5.10;
			};
			name = Debug;
		};
		CB4D07AB65D0507ED8DD6328 /* Release */ = {
			isa = XCBuildConfiguration;
			buildSettings = {
				ASSETCATALOG_COMPILER_APPICON_NAME = AppIcon;
				CODE_SIGN_STYLE = Automatic;
				COMBINE_HIDPI_IMAGES = YES;
				ENABLE_HARDENED_RUNTIME = YES;
				GENERATE_INFOPLIST_FILE = YES;
				INFOPLIST_KEY_LSApplicationCategoryType = "public.app-category.developer-tools";
				LD_RUNPATH_SEARCH_PATHS = (
					"$(inherited)",
					"@executable_path/../Frameworks",
				);
				MARKETING_VERSION = 0.1.0;
				PRODUCT_BUNDLE_IDENTIFIER = dev.nativql.app;
				SDKROOT = macosx;
			};
			name = Release;
		};
/* End XCBuildConfiguration section */

/* Begin XCConfigurationList section */
		2B9635ABB9F7804AD6292F7E /* Build configuration list for PBXNativeTarget "NativQL" */ = {
			isa = XCConfigurationList;
			buildConfigurations = (
				07D33D4F5649691CD6490EB4 /* Debug */,
				CB4D07AB65D0507ED8DD6328 /* Release */,
			);
			defaultConfigurationIsVisible = 0;
			defaultConfigurationName = Debug;
		};
		6ADD21CCAB682AD1248F58F0 /* Build configuration list for PBXNativeTarget "NativQLTests" */ = {
			isa = XCConfigurationList;
			buildConfigurations = (
				37297A10224217D9FAE663F8 /* Debug */,
				6015C3787CC37CE87337E0A1 /* Release */,
			);
			defaultConfigurationIsVisible = 0;
			defaultConfigurationName = Debug;
		};
		8DF5702F2AC894A8108FD30A /* Build configuration list for PBXProject "NativQL" */ = {
			isa = XCConfigurationList;
			buildConfigurations = (
				B96BC6FAA9BAD74793C10F7B /* Debug */,
				171F838611A76C8AEE2E74C7 /* Release */,
			);
			defaultConfigurationIsVisible = 0;
			defaultConfigurationName = Debug;
		};
/* End XCConfigurationList section */

/* Begin XCLocalSwiftPackageReference section */
		5CE1035DB161A9B5EF550938 /* XCLocalSwiftPackageReference "Packages/NativQLKit" */ = {
			isa = XCLocalSwiftPackageReference;
			relativePath = Packages/NativQLKit;
		};
		842B3E9C47A6E1A2B15892C6 /* XCLocalSwiftPackageReference "Packages/PostgresDriver" */ = {
			isa = XCLocalSwiftPackageReference;
			relativePath = Packages/PostgresDriver;
		};
		D12F60CE2439EDB61C92488D /* XCLocalSwiftPackageReference "Packages/MySQLDriver" */ = {
			isa = XCLocalSwiftPackageReference;
			relativePath = Packages/MySQLDriver;
		};
/* End XCLocalSwiftPackageReference section */

/* Begin XCSwiftPackageProductDependency section */
		4904FE4D6986583CB52C78B0 /* MySQLDriver */ = {
			isa = XCSwiftPackageProductDependency;
			productName = MySQLDriver;
		};
		54816D600B3AECA69AA056D9 /* PostgresDriver */ = {
			isa = XCSwiftPackageProductDependency;
			productName = PostgresDriver;
		};
		F6338A038D70441EDADB3A16 /* NativQLKit */ = {
			isa = XCSwiftPackageProductDependency;
			productName = NativQLKit;
		};
/* End XCSwiftPackageProductDependency section */
	};
	rootObject = 049AC39974AB39D12C308668 /* Project object */;
}
